
Microsoft Visual Studio Solution File, Format Version 12.00
# Visual Studio Version 16
VisualStudioVersion = 16.0.31624.102
MinimumVisualStudioVersion = 10.0.40219.1
Project("{FAE04EC0-301F-11D3-BF4B-00C04F79EFBC}") = "Day1", "Src\Day1\Day1.csproj", "{2B715121-9CFA-4879-A885-BF2F9AE1429B}"
EndProject
Project("{2150E333-8FDC-42A3-9474-1A3956D46DE8}") = "Solution Items", "Solution Items", "{F325C54E-9B5C-4958-851A-FB54FC85FE7B}"
	ProjectSection(SolutionItems) = preProject
		.editorconfig = .editorconfig
	EndProjectSection
EndProject
Project("{FAE04EC0-301F-11D3-BF4B-00C04F79EFBC}") = "Businesslogic", "Src\Businesslogic\Businesslogic.csproj", "{38EE12F6-B559-458F-9DA1-B7DF68FC8677}"
EndProject
Project("{9A19103F-16F7-4668-BE54-9A1E7A4F7556}") = "Day2", "Src\Day2\Day2.csproj", "{CC5D4844-A2D7-44B9-B7AE-B75589282897}"
EndProject
Project("{FAE04EC0-301F-11D3-BF4B-00C04F79EFBC}") = "Template", "Src\Template\Template.csproj", "{37FF995A-88E0-479E-86BD-EF8486922F12}"
EndProject
Project("{2150E333-8FDC-42A3-9474-1A3956D46DE8}") = "Docs", "Docs", "{328103CC-6EFE-4EE0-8558-45FE88089094}"
	ProjectSection(SolutionItems) = preProject
		Docs\CreateNewDay.md = Docs\CreateNewDay.md
	EndProjectSection
EndProject
Project("{9A19103F-16F7-4668-BE54-9A1E7A4F7556}") = "Day3", "Src\Day3\Day3.csproj", "{53EDB732-EEA8-4A82-AA4B-6A32877FD216}"
EndProject
Project("{9A19103F-16F7-4668-BE54-9A1E7A4F7556}") = "Day4", "Src\Day4\Day4.csproj", "{D0BF098C-13ED-484D-95E4-459609895AD3}"
EndProject
Project("{9A19103F-16F7-4668-BE54-9A1E7A4F7556}") = "Day5", "Src\Day5\Day5.csproj", "{BC6A8282-0A82-43F6-B242-C52B96B51640}"
EndProject
Project("{9A19103F-16F7-4668-BE54-9A1E7A4F7556}") = "Day6", "Src\Day6\Day6.csproj", "{9B2D9EC6-89F6-49B6-AA52-ED7BFD519994}"
EndProject
Project("{9A19103F-16F7-4668-BE54-9A1E7A4F7556}") = "Day7", "Src\Day7\Day7.csproj", "{F9D859F5-15D0-4318-9646-F884BC50AB1B}"
EndProject
Project("{9A19103F-16F7-4668-BE54-9A1E7A4F7556}") = "Day8", "Src\Day8\Day8.csproj", "{1258F916-1055-4654-9541-3DC130298F79}"
EndProject
Global
	GlobalSection(SolutionConfigurationPlatforms) = preSolution
		Debug|Any CPU = Debug|Any CPU
		Release|Any CPU = Release|Any CPU
	EndGlobalSection
	GlobalSection(ProjectConfigurationPlatforms) = postSolution
		{2B715121-9CFA-4879-A885-BF2F9AE1429B}.Debug|Any CPU.ActiveCfg = Debug|Any CPU
		{2B715121-9CFA-4879-A885-BF2F9AE1429B}.Debug|Any CPU.Build.0 = Debug|Any CPU
		{2B715121-9CFA-4879-A885-BF2F9AE1429B}.Release|Any CPU.ActiveCfg = Release|Any CPU
		{2B715121-9CFA-4879-A885-BF2F9AE1429B}.Release|Any CPU.Build.0 = Release|Any CPU
		{38EE12F6-B559-458F-9DA1-B7DF68FC8677}.Debug|Any CPU.ActiveCfg = Debug|Any CPU
		{38EE12F6-B559-458F-9DA1-B7DF68FC8677}.Debug|Any CPU.Build.0 = Debug|Any CPU
		{38EE12F6-B559-458F-9DA1-B7DF68FC8677}.Release|Any CPU.ActiveCfg = Release|Any CPU
		{38EE12F6-B559-458F-9DA1-B7DF68FC8677}.Release|Any CPU.Build.0 = Release|Any CPU
		{CC5D4844-A2D7-44B9-B7AE-B75589282897}.Debug|Any CPU.ActiveCfg = Debug|Any CPU
		{CC5D4844-A2D7-44B9-B7AE-B75589282897}.Debug|Any CPU.Build.0 = Debug|Any CPU
		{CC5D4844-A2D7-44B9-B7AE-B75589282897}.Release|Any CPU.ActiveCfg = Release|Any CPU
		{CC5D4844-A2D7-44B9-B7AE-B75589282897}.Release|Any CPU.Build.0 = Release|Any CPU
		{37FF995A-88E0-479E-86BD-EF8486922F12}.Debug|Any CPU.ActiveCfg = Debug|Any CPU
		{37FF995A-88E0-479E-86BD-EF8486922F12}.Debug|Any CPU.Build.0 = Debug|Any CPU
		{37FF995A-88E0-479E-86BD-EF8486922F12}.Release|Any CPU.ActiveCfg = Release|Any CPU
		{37FF995A-88E0-479E-86BD-EF8486922F12}.Release|Any CPU.Build.0 = Release|Any CPU
		{53EDB732-EEA8-4A82-AA4B-6A32877FD216}.Debug|Any CPU.ActiveCfg = Debug|Any CPU
		{53EDB732-EEA8-4A82-AA4B-6A32877FD216}.Debug|Any CPU.Build.0 = Debug|Any CPU
		{53EDB732-EEA8-4A82-AA4B-6A32877FD216}.Release|Any CPU.ActiveCfg = Release|Any CPU
		{53EDB732-EEA8-4A82-AA4B-6A32877FD216}.Release|Any CPU.Build.0 = Release|Any CPU
		{D0BF098C-13ED-484D-95E4-459609895AD3}.Debug|Any CPU.ActiveCfg = Debug|Any CPU
		{D0BF098C-13ED-484D-95E4-459609895AD3}.Debug|Any CPU.Build.0 = Debug|Any CPU
		{D0BF098C-13ED-484D-95E4-459609895AD3}.Release|Any CPU.ActiveCfg = Release|Any CPU
		{D0BF098C-13ED-484D-95E4-459609895AD3}.Release|Any CPU.Build.0 = Release|Any CPU
		{BC6A8282-0A82-43F6-B242-C52B96B51640}.Debug|Any CPU.ActiveCfg = Debug|Any CPU
		{BC6A8282-0A82-43F6-B242-C52B96B51640}.Debug|Any CPU.Build.0 = Debug|Any CPU
		{BC6A8282-0A82-43F6-B242-C52B96B51640}.Release|Any CPU.ActiveCfg = Release|Any CPU
		{BC6A8282-0A82-43F6-B242-C52B96B51640}.Release|Any CPU.Build.0 = Release|Any CPU
		{9B2D9EC6-89F6-49B6-AA52-ED7BFD519994}.Debug|Any CPU.ActiveCfg = Debug|Any CPU
		{9B2D9EC6-89F6-49B6-AA52-ED7BFD519994}.Debug|Any CPU.Build.0 = Debug|Any CPU
		{9B2D9EC6-89F6-49B6-AA52-ED7BFD519994}.Release|Any CPU.ActiveCfg = Release|Any CPU
		{9B2D9EC6-89F6-49B6-AA52-ED7BFD519994}.Release|Any CPU.Build.0 = Release|Any CPU
		{F9D859F5-15D0-4318-9646-F884BC50AB1B}.Debug|Any CPU.ActiveCfg = Debug|Any CPU
		{F9D859F5-15D0-4318-9646-F884BC50AB1B}.Debug|Any CPU.Build.0 = Debug|Any CPU
		{F9D859F5-15D0-4318-9646-F884BC50AB1B}.Release|Any CPU.ActiveCfg = Release|Any CPU
		{F9D859F5-15D0-4318-9646-F884BC50AB1B}.Release|Any CPU.Build.0 = Release|Any CPU
		{1258F916-1055-4654-9541-3DC130298F79}.Debug|Any CPU.ActiveCfg = Debug|Any CPU
		{1258F916-1055-4654-9541-3DC130298F79}.Debug|Any CPU.Build.0 = Debug|Any CPU
		{1258F916-1055-4654-9541-3DC130298F79}.Release|Any CPU.ActiveCfg = Release|Any CPU
		{1258F916-1055-4654-9541-3DC130298F79}.Release|Any CPU.Build.0 = Release|Any CPU
	EndGlobalSection
	GlobalSection(SolutionProperties) = preSolution
		HideSolutionNode = FALSE
	EndGlobalSection
	GlobalSection(NestedProjects) = preSolution
		{37FF995A-88E0-479E-86BD-EF8486922F12} = {F325C54E-9B5C-4958-851A-FB54FC85FE7B}
	EndGlobalSection
	GlobalSection(ExtensibilityGlobals) = postSolution
		SolutionGuid = {CDE9AD21-06AD-4BCB-9CA8-1F4C717EDA00}
	EndGlobalSection
EndGlobal
